// !$*UTF8*$!
{
	archiveVersion = 1;
	classes = {
	};
	objectVersion = 46;
	objects = {

/* Begin PBXBuildFile section */
		13844CA91C673378009007F2 /* AppDelegate.swift in Sources */ = {isa = PBXBuildFile; fileRef = 13844CA81C673378009007F2 /* AppDelegate.swift */; };
		13844CB01C673378009007F2 /* Assets.xcassets in Resources */ = {isa = PBXBuildFile; fileRef = 13844CAF1C673378009007F2 /* Assets.xcassets */; };
		13844CB31C673378009007F2 /* LaunchScreen.storyboard in Resources */ = {isa = PBXBuildFile; fileRef = 13844CB11C673378009007F2 /* LaunchScreen.storyboard */; };
		13844CBC1C673409009007F2 /* YellowVC.swift in Sources */ = {isa = PBXBuildFile; fileRef = 13844CBA1C673409009007F2 /* YellowVC.swift */; };
		13844CBD1C673409009007F2 /* YellowVC.xib in Resources */ = {isa = PBXBuildFile; fileRef = 13844CBB1C673409009007F2 /* YellowVC.xib */; };
		13844CC01C67341D009007F2 /* BlueVC.swift in Sources */ = {isa = PBXBuildFile; fileRef = 13844CBE1C67341D009007F2 /* BlueVC.swift */; };
		13844CC11C67341D009007F2 /* BlueVC.xib in Resources */ = {isa = PBXBuildFile; fileRef = 13844CBF1C67341D009007F2 /* BlueVC.xib */; };
		13844CC41C673437009007F2 /* RedVC.swift in Sources */ = {isa = PBXBuildFile; fileRef = 13844CC21C673437009007F2 /* RedVC.swift */; };
		13844CC51C673437009007F2 /* RedVC.xib in Resources */ = {isa = PBXBuildFile; fileRef = 13844CC31C673437009007F2 /* RedVC.xib */; };
/* End PBXBuildFile section */

/* Begin PBXFileReference section */
		13844CA51C673378009007F2 /* WorkingWithXib.app */ = {isa = PBXFileReference; explicitFileType = wrapper.application; includeInIndex = 0; path = WorkingWithXib.app; sourceTree = BUILT_PRODUCTS_DIR; };
		13844CA81C673378009007F2 /* AppDelegate.swift */ = {isa = PBXFileReference; lastKnownFileType = sourcecode.swift; path = AppDelegate.swift; sourceTree = "<group>"; };
		13844CAF1C673378009007F2 /* Assets.xcassets */ = {isa = PBXFileReference; lastKnownFileType = folder.assetcatalog; path = Assets.xcassets; sourceTree = "<group>"; };
		13844CB21C673378009007F2 /* Base */ = {isa = PBXFileReference; lastKnownFileType = file.storyboard; name = Base; path = Base.lproj/LaunchScreen.storyboard; sourceTree = "<group>"; };
		13844CB41C673378009007F2 /* Info.plist */ = {isa = PBXFileReference; lastKnownFileType = text.plist.xml; path = Info.plist; sourceTree = "<group>"; };
		13844CBA1C673409009007F2 /* YellowVC.swift */ = {isa = PBXFileReference; fileEncoding = 4; lastKnownFileType = sourcecode.swift; path = YellowVC.swift; sourceTree = "<group>"; };
		13844CBB1C673409009007F2 /* YellowVC.xib */ = {isa = PBXFileReference; fileEncoding = 4; lastKnownFileType = file.xib; path = YellowVC.xib; sourceTree = "<group>"; };
		13844CBE1C67341D009007F2 /* BlueVC.swift */ = {isa = PBXFileReference; fileEncoding = 4; lastKnownFileType = sourcecode.swift; name = BlueVC.swift; path = Assets.xcassets/BlueVC.swift; sourceTree = "<group>"; };
		13844CBF1C67341D009007F2 /* BlueVC.xib */ = {isa = PBXFileReference; fileEncoding = 4; lastKnownFileType = file.xib; name = BlueVC.xib; path = Assets.xcassets/BlueVC.xib; sourceTree = "<group>"; };
		13844CC21C673437009007F2 /* RedVC.swift */ = {isa = PBXFileReference; fileEncoding = 4; lastKnownFileType = sourcecode.swift; path = RedVC.swift; sourceTree = "<group>"; };
		13844CC31C673437009007F2 /* RedVC.xib */ = {isa = PBXFileReference; fileEncoding = 4; lastKnownFileType = file.xib; path = RedVC.xib; sourceTree = "<group>"; };
/* End PBXFileReference section */

/* Begin PBXFrameworksBuildPhase section */
		13844CA21C673378009007F2 /* Frameworks */ = {
			isa = PBXFrameworksBuildPhase;
			buildActionMask = 2147483647;
			files = (
			);
			runOnlyForDeploymentPostprocessing = 0;
		};
/* End PBXFrameworksBuildPhase section */

/* Begin PBXGroup section */
		13844C9C1C673378009007F2 = {
			isa = PBXGroup;
			children = (
				13844CA71C673378009007F2 /* WorkingWithXib */,
				13844CA61C673378009007F2 /* Products */,
			);
			sourceTree = "<group>";
		};
		13844CA61C673378009007F2 /* Products */ = {
			isa = PBXGroup;
			children = (
				13844CA51C673378009007F2 /* WorkingWithXib.app */,
			);
			name = Products;
			sourceTree = "<group>";
		};
		13844CA71C673378009007F2 /* WorkingWithXib */ = {
			isa = PBXGroup;
			children = (
				13844CC61C673444009007F2 /* View */,
				13844CC71C673450009007F2 /* Controller */,
				13844CA81C673378009007F2 /* AppDelegate.swift */,
				13844CAF1C673378009007F2 /* Assets.xcassets */,
				13844CB11C673378009007F2 /* LaunchScreen.storyboard */,
				13844CB41C673378009007F2 /* Info.plist */,
			);
			path = WorkingWithXib;
			sourceTree = "<group>";
		};
		13844CC61C673444009007F2 /* View */ = {
			isa = PBXGroup;
			children = (
				13844CBB1C673409009007F2 /* YellowVC.xib */,
				13844CBF1C67341D009007F2 /* BlueVC.xib */,
				13844CC31C673437009007F2 /* RedVC.xib */,
			);
			name = View;
			sourceTree = "<group>";
		};
		13844CC71C673450009007F2 /* Controller */ = {
			isa = PBXGroup;
			children = (
				13844CBA1C673409009007F2 /* YellowVC.swift */,
				13844CBE1C67341D009007F2 /* BlueVC.swift */,
				13844CC21C673437009007F2 /* RedVC.swift */,
			);
			name = Controller;
			sourceTree = "<group>";
		};
/* End PBXGroup section */

/* Begin PBXNativeTarget section */
		13844CA41C673378009007F2 /* WorkingWithXib */ = {
			isa = PBXNativeTarget;
			buildConfigurationList = 13844CB71C673378009007F2 /* Build configuration list for PBXNativeTarget "WorkingWithXib" */;
			buildPhases = (
				13844CA11C673378009007F2 /* Sources */,
				13844CA21C673378009007F2 /* Frameworks */,
				13844CA31C673378009007F2 /* Resources */,
			);
			buildRules = (
			);
			dependencies = (
			);
			name = WorkingWithXib;
			productName = WorkingWithXib;
			productReference = 13844CA51C673378009007F2 /* WorkingWithXib.app */;
			productType = "com.apple.product-type.application";
		};
/* End PBXNativeTarget section */

/* Begin PBXProject section */
		13844C9D1C673378009007F2 /* Project object */ = {
			isa = PBXProject;
			attributes = {
				LastSwiftUpdateCheck = 0720;
				LastUpgradeCheck = 0720;
				ORGANIZATIONNAME = "Jan Dammshäuser";
				TargetAttributes = {
					13844CA41C673378009007F2 = {
						CreatedOnToolsVersion = 7.2.1;
						DevelopmentTeam = 6N9Z26P656;
					};
				};
			};
			buildConfigurationList = 13844CA01C673378009007F2 /* Build configuration list for PBXProject "WorkingWithXib" */;
			compatibilityVersion = "Xcode 3.2";
			developmentRegion = English;
			hasScannedForEncodings = 0;
			knownRegions = (
				en,
				Base,
			);
			mainGroup = 13844C9C1C673378009007F2;
			productRefGroup = 13844CA61C673378009007F2 /* Products */;
			projectDirPath = "";
			projectRoot = "";
			targets = (
				13844CA41C673378009007F2 /* WorkingWithXib */,
			);
		};
/* End PBXProject section */

/* Begin PBXResourcesBuildPhase section */
		13844CA31C673378009007F2 /* Resources */ = {
			isa = PBXResourcesBuildPhase;
			buildActionMask = 2147483647;
			files = (
				13844CC11C67341D009007F2 /* BlueVC.xib in Resources */,
				13844CBD1C673409009007F2 /* YellowVC.xib in Resources */,
				13844CC51C673437009007F2 /* RedVC.xib in Resources */,
				13844CB31C673378009007F2 /* LaunchScreen.storyboard in Resources */,
				13844CB01C673378009007F2 /* Assets.xcassets in Resources */,
			);
			runOnlyForDeploymentPostprocessing = 0;
		};
/* End PBXResourcesBuildPhase section */

/* Begin PBXSourcesBuildPhase section */
		13844CA11C673378009007F2 /* Sources */ = {
			isa = PBXSourcesBuildPhase;
			buildActionMask = 2147483647;
			files = (
				13844CBC1C673409009007F2 /* YellowVC.swift in Sources */,
				13844CA91C673378009007F2 /* AppDelegate.swift in Sources */,
				13844CC41C673437009007F2 /* RedVC.swift in Sources */,
				13844CC01C67341D009007F2 /* BlueVC.swift in Sources */,
			);
			runOnlyForDeploymentPostprocessing = 0;
		};
/* End PBXSourcesBuildPhase section */

/* Begin PBXVariantGroup section */
		13844CB11C673378009007F2 /* LaunchScreen.storyboard */ = {
			isa = PBXVariantGroup;
			children = (
				13844CB21C673378009007F2 /* Base */,
			);
			name = LaunchScreen.storyboard;
			sourceTree = "<group>";
		};
/* End PBXVariantGroup section */

/* Begin XCBuildConfiguration section */
		13844CB51C673378009007F2 /* Debug */ = {
			isa = XCBuildConfiguration;
			buildSettings = {
				ALWAYS_SEARCH_USER_PATHS = NO;
				CLANG_CXX_LANGUAGE_STANDARD = "gnu++0x";
				CLANG_CXX_LIBRARY = "libc++";
				CLANG_ENABLE_MODULES = YES;
				CLANG_ENABLE_OBJC_ARC = YES;
				CLANG_WARN_BOOL_CONVERSION = YES;
				CLANG_WARN_CONSTANT_CONVERSION = YES;
				CLANG_WARN_DIRECT_OBJC_ISA_USAGE = YES_ERROR;
				CLANG_WARN_EMPTY_BODY = YES;
				CLANG_WARN_ENUM_CONVERSION = YES;
				CLANG_WARN_INT_CONVERSION = YES;
				CLANG_WARN_OBJC_ROOT_CLASS = YES_ERROR;
				CLANG_WARN_UNREACHABLE_CODE = YES;
				CLANG_WARN__DUPLICATE_METHOD_MATCH = YES;
				"CODE_SIGN_IDENTITY[sdk=iphoneos*]" = "iPhone Developer";
				COPY_PHASE_STRIP = NO;
				DEBUG_INFORMATION_FORMAT = dwarf;
				ENABLE_STRICT_OBJC_MSGSEND = YES;
				ENABLE_TESTABILITY = YES;
				GCC_C_LANGUAGE_STANDARD = gnu99;
				GCC_DYNAMIC_NO_PIC = NO;
				GCC_NO_COMMON_BLOCKS = YES;
				GCC_OPTIMIZATION_LEVEL = 0;
				GCC_PREPROCESSOR_DEFINITIONS = (
					"DEBUG=1",
					"$(inherited)",
				);
				GCC_WARN_64_TO_32_BIT_CONVERSION = YES;
				GCC_WARN_ABOUT_RETURN_TYPE = YES_ERROR;
				GCC_WARN_UNDECLARED_SELECTOR = YES;
				GCC_WARN_UNINITIALIZED_AUTOS = YES_AGGRESSIVE;
				GCC_WARN_UNUSED_FUNCTION = YES;
				GCC_WARN_UNUSED_VARIABLE = YES;
				IPHONEOS_DEPLOYMENT_TARGET = 9.2;
				MTL_ENABLE_DEBUG_INFO = YES;
				ONLY_ACTIVE_ARCH = YES;
				SDKROOT = iphoneos;
				SWIFT_OPTIMIZATION_LEVEL = "-Onone";
			};
			name = Debug;
		};
		13844CB61C673378009007F2 /* Release */ = {
			isa = XCBuildConfiguration;
			buildSettings = {
				ALWAYS_SEARCH_USER_PATHS = NO;
				CLANG_CXX_LANGUAGE_STANDARD = "gnu++0x";
				CLANG_CXX_LIBRARY = "libc++";
				CLANG_ENABLE_MODULES = YES;
				CLANG_ENABLE_OBJC_ARC = YES;
				CLANG_WARN_BOOL_CONVERSION = YES;
				CLANG_WARN_CONSTANT_CONVERSION = YES;
				CLANG_WARN_DIRECT_OBJC_ISA_USAGE = YES_ERROR;
				CLANG_WARN_EMPTY_BODY = YES;
				CLANG_WARN_ENUM_CONVERSION = YES;
				CLANG_WARN_INT_CONVERSION = YES;
				CLANG_WARN_OBJC_ROOT_CLASS = YES_ERROR;
				CLANG_WARN_UNREACHABLE_CODE = YES;
				CLANG_WARN__DUPLICATE_METHOD_MATCH = YES;
				"CODE_SIGN_IDENTITY[sdk=iphoneos*]" = "iPhone Developer";
				COPY_PHASE_STRIP = NO;
				DEBUG_INFORMATION_FORMAT = "dwarf-with-dsym";
				ENABLE_NS_ASSERTIONS = NO;
				ENABLE_STRICT_OBJC_MSGSEND = YES;
				GCC_C_LANGUAGE_STANDARD = gnu99;
				GCC_NO_COMMON_BLOCKS = YES;
				GCC_WARN_64_TO_32_BIT_CONVERSION = YES;
				GCC_WARN_ABOUT_RETURN_TYPE = YES_ERROR;
				GCC_WARN_UNDECLARED_SELECTOR = YES;
				GCC_WARN_UNINITIALIZED_AUTOS = YES_AGGRESSIVE;
				GCC_WARN_UNUSED_FUNCTION = YES;
				GCC_WARN_UNUSED_VARIABLE = YES;
				IPHONEOS_DEPLOYMENT_TARGET = 9.2;
				MTL_ENABLE_DEBUG_INFO = NO;
				SDKROOT = iphoneos;
				VALIDATE_PRODUCT = YES;
			};
			name = Release;
		};
		13844CB81C673378009007F2 /* Debug */ = {
			isa = XCBuildConfiguration;
			buildSettings = {
				ASSETCATALOG_COMPILER_APPICON_NAME = AppIcon;
				INFOPLIST_FILE = WorkingWithXib/Info.plist;
				LD_RUNPATH_SEARCH_PATHS = "$(inherited) @executable_path/Frameworks";
				PRODUCT_BUNDLE_IDENTIFIER = de.jandamm.WorkingWithXib;
				PRODUCT_NAME = "$(TARGET_NAME)";
			};
			name = Debug;
		};
		13844CB91C673378009007F2 /* Release */ = {
			isa = XCBuildConfiguration;
			buildSettings = {
				ASSETCATALOG_COMPILER_APPICON_NAME = AppIcon;
				INFOPLIST_FILE = WorkingWithXib/Info.plist;
				LD_RUNPATH_SEARCH_PATHS = "$(inherited) @executable_path/Frameworks";
				PRODUCT_BUNDLE_IDENTIFIER = de.jandamm.WorkingWithXib;
				PRODUCT_NAME = "$(TARGET_NAME)";
			};
			name = Release;
		};
/* End XCBuildConfiguration section */

/* Begin XCConfigurationList section */
		13844CA01C673378009007F2 /* Build configuration list for PBXProject "WorkingWithXib" */ = {
			isa = XCConfigurationList;
			buildConfigurations = (
				13844CB51C673378009007F2 /* Debug */,
				13844CB61C673378009007F2 /* Release */,
			);
			defaultConfigurationIsVisible = 0;
			defaultConfigurationName = Release;
		};
		13844CB71C673378009007F2 /* Build configuration list for PBXNativeTarget "WorkingWithXib" */ = {
			isa = XCConfigurationList;
			buildConfigurations = (
				13844CB81C673378009007F2 /* Debug */,
				13844CB91C673378009007F2 /* Release */,
			);
			defaultConfigurationIsVisible = 0;
		};
/* End XCConfigurationList section */
	};
	rootObject = 13844C9D1C673378009007F2 /* Project object */;
}
